{
  "nodes": {
    "home-manager": {
      "inputs": {
        "nixpkgs": [
          "nixpkgs"
        ]
      },
      "locked": {
        "lastModified": 1774379316,
        "narHash": "sha256-0nGNxWDUH2Hzlj/R3Zf4FEK6fsFNB/dvewuboSRZqiI=",
        "owner": "nix-community",
        "repo": "home-manager",
        "rev": "1eb0549a1ab3fe3f5acf86668249be15fa0e64f7",
        "type": "github"
      },
      "original": {
        "owner": "nix-community",
        "repo": "home-manager",
        "type": "github"
      }
    },
    "home-manager_2": {
      "inputs": {
        "nixpkgs": [
          "ramya-home",
          "nixpkgs"
        ]
      },
      "locked": {
        "lastModified": 1753732062,
        "narHash": "sha256-vojVM0SgFP8crFh1LDDXkzaI9/er/1cuRfbNPhfBHyc=",
        "owner": "nix-community",
        "repo": "home-manager",
        "rev": "f49e872f55e36e67ebcb906ff65f86c7a1538f7c",
        "type": "github"
      },
      "original": {
        "owner": "nix-community",
        "repo": "home-manager",
        "type": "github"
      }
    },
    "nixpkgs": {
      "locked": {
        "lastModified": 1774106199,
        "narHash": "sha256-US5Tda2sKmjrg2lNHQL3jRQ6p96cgfWh3J1QBliQ8Ws=",
        "owner": "NixOS",
        "repo": "nixpkgs",
        "rev": "6c9a78c09ff4d6c21d0319114873508a6ec01655",
        "type": "github"
      },
      "original": {
        "owner": "NixOS",
        "ref": "nixos-unstable",
        "repo": "nixpkgs",
        "type": "github"
      }
    },
    "ramya-home": {
      "inputs": {
        "home-manager": "home-manager_2",
        "nixpkgs": [
          "nixpkgs"
        ]
      },
      "locked": {
        "lastModified": 1772488673,
        "narHash": "sha256-fEyHgJuw3qRzFWSRcZ+XR+TLNiYxcqGRhS67kEDZIXs=",
        "owner": "rskottap",
        "repo": "home-manager",
        "rev": "9d59357f034eab2079b40009d75fb214737cdeed",
        "type": "github"
      },
      "original": {
        "owner": "rskottap",
        "repo": "home-manager",
        "type": "github"
      }
    },
    "root": {
      "inputs": {
        "home-manager": "home-manager",
        "nixpkgs": "nixpkgs",
        "ramya-home": "ramya-home",
        "wnix-packages": "wnix-packages"
      }
    },
    "wnix-packages": {
      "inputs": {
        "nixpkgs": [
          "nixpkgs"
        ]
      },
      "locked": {
        "lastModified": 1772744791,
        "narHash": "sha256-nXAA2HeOQ/qoUbvuqkC18NRVPpubLcKXNvt4MMsZeLs=",
        "owner": "doubleunix",
        "repo": "overlay",
        "rev": "ef5a0d3baa53ff4f5bcc928c44c1e022f7fdfbd8",
        "type": "github"
      },
      "original": {
        "owner": "doubleunix",
        "repo": "overlay",
        "type": "github"
      }
    }
  },
  "root": "root",
  "version": 7
}
